<?xml version="1.0" encoding="utf-8"?>
<Project ToolsVersion="4.0" xmlns="http://schemas.microsoft.com/developer/msbuild/2003">
  <ItemGroup>
    <Filter Include="Shader">
      <UniqueIdentifier>{9574262c-02ab-4355-bab2-2194fbd8a851}</UniqueIdentifier>
    </Filter>
    <Filter Include="리소스 파일">
      <UniqueIdentifier>{67DA6AB6-F800-4c08-8B7A-83BB121AAD01}</UniqueIdentifier>
      <Extensions>rc;ico;cur;bmp;dlg;rc2;rct;bin;rgs;gif;jpg;jpeg;jpe;resx;tiff;tif;png;wav;mfcribbon-ms</Extensions>
    </Filter>
    <Filter Include="헤더 파일">
      <UniqueIdentifier>{93995380-89BD-4b04-88EB-625FBE52EBFB}</UniqueIdentifier>
      <Extensions>h;hh;hpp;hxx;h++;hm;inl;inc;ipp;xsd</Extensions>
    </Filter>
    <Filter Include="소스 파일">
      <UniqueIdentifier>{4FC737F1-C7A5-4376-A066-2A32D752A2FF}</UniqueIdentifier>
      <Extensions>cpp;c;cc;cxx;c++;cppm;ixx;def;odl;idl;hpj;bat;asm;asmx</Extensions>
    </Filter>
    <Filter Include="소스 파일\Framework">
      <UniqueIdentifier>{5dd73487-8f1e-4038-bb66-bc0f0e27e7ae}</UniqueIdentifier>
    </Filter>
    <Filter Include="소스 파일\Framework\DirectXWrapper">
      <UniqueIdentifier>{4530a7a6-61ad-42bc-9b14-a092daca9aed}</UniqueIdentifier>
    </Filter>
    <Filter Include="소스 파일\ImGui">
      <UniqueIdentifier>{3679dd66-0fcc-4131-bdb3-776207022852}</UniqueIdentifier>
    </Filter>
  </ItemGroup>
  <ItemGroup>
    <ClInclude Include="framework.h" Filter="헤더 파일" />
    <ClInclude Include="targetver.h" Filter="헤더 파일" />
    <ClInclude Include="Resource.h" Filter="헤더 파일" />
    <ClInclude Include="FORTRESS.h" Filter="헤더 파일" />
    <ClInclude Include="GameFramework.h" Filter="헤더 파일" />
    <ClInclude Include="stdafx.h" Filter="헤더 파일" />
    <ClInclude Include="Buffer.h" Filter="소스 파일\Framework\DirectXWrapper" />
    <ClInclude Include="Graphics.h" Filter="소스 파일\Framework\DirectXWrapper" />
    <ClInclude Include="InputLayout.h" Filter="소스 파일\Framework\DirectXWrapper" />
    <ClInclude Include="Shader.h" Filter="소스 파일\Framework\DirectXWrapper" />
    <ClInclude Include="States.h" Filter="소스 파일\Framework\DirectXWrapper" />
    <ClInclude Include="VertexData.h" Filter="소스 파일\Framework" />
    <ClInclude Include="FVector3.h" Filter="소스 파일\Framework" />
    <ClInclude Include="GameObject.h" Filter="소스 파일\Framework" />
    <ClInclude Include="Transform.h" Filter="소스 파일\Framework" />
    <ClInclude Include="Scene.h" Filter="소스 파일\Framework" />
    <ClInclude Include="Input.h" Filter="헤더 파일" />
    <ClInclude Include="Terrain.h" Filter="헤더 파일" />
    <ClInclude Include="Camera.h" Filter="헤더 파일" />
    <ClInclude Include="Player.h" Filter="헤더 파일" />
    <ClInclude Include="GuiController.h" Filter="헤더 파일" />
    <ClInclude Include="IngameManager.h" Filter="헤더 파일" />
    <ClInclude Include="MainMenu.h" Filter="헤더 파일" />
    <ClInclude Include="SetTimeout.h" Filter="헤더 파일" />
    <ClInclude Include="..\..\..\..\..\Downloads\imgui-master\imgui-master\imstb_rectpack.h">
      <Filter>헤더 파일</Filter>
    </ClInclude>
    <ClInclude Include="..\..\..\..\..\Downloads\imgui-master\imgui-master\imstb_textedit.h">
      <Filter>헤더 파일</Filter>
    </ClInclude>
    <ClInclude Include="..\..\..\..\..\Downloads\imgui-master\imgui-master\imstb_truetype.h">
      <Filter>헤더 파일</Filter>
    </ClInclude>
    <ClInclude Include="imconfig.h">
      <Filter>헤더 파일</Filter>
    </ClInclude>
    <ClInclude Include="imgui.h">
      <Filter>헤더 파일</Filter>
    </ClInclude>
    <ClInclude Include="imgui_impl_dx11.h">
      <Filter>헤더 파일</Filter>
    </ClInclude>
    <ClInclude Include="imgui_impl_win32.h">
      <Filter>헤더 파일</Filter>
    </ClInclude>
    <ClInclude Include="imgui_internal.h">
      <Filter>헤더 파일</Filter>
    </ClInclude>
  </ItemGroup>
  <ItemGroup>
    <ClCompile Include="FORTRESS.cpp" Filter="소스 파일" />
    <ClCompile Include="GameFramework.cpp" Filter="소스 파일" />
    <ClCompile Include="Buffer.cpp" Filter="소스 파일\Framework\DirectXWrapper" />
    <ClCompile Include="Graphics.cpp" Filter="소스 파일\Framework\DirectXWrapper" />
    <ClCompile Include="InputLayout.cpp" Filter="소스 파일\Framework\DirectXWrapper" />
    <ClCompile Include="Shader.cpp" Filter="소스 파일\Framework\DirectXWrapper" />
    <ClCompile Include="States.cpp" Filter="소스 파일\Framework\DirectXWrapper" />
    <ClCompile Include="VertexData.cpp" Filter="소스 파일\Framework" />
    <ClCompile Include="GameObject.cpp" Filter="소스 파일\Framework" />
    <ClCompile Include="Transform.cpp" Filter="소스 파일\Framework" />
    <ClCompile Include="Scene.cpp" Filter="소스 파일\Framework" />
    <ClCompile Include="Input.cpp" Filter="소스 파일" />
    <ClCompile Include="Terrain.cpp" Filter="소스 파일" />
    <ClCompile Include="Camera.cpp" Filter="소스 파일" />
    <ClCompile Include="Player.cpp" Filter="소스 파일" />
    <ClCompile Include="imgui.cpp" Filter="소스 파일\ImGui" />
    <ClCompile Include="imgui_demo.cpp" Filter="소스 파일\ImGui" />
    <ClCompile Include="imgui_draw.cpp" Filter="소스 파일\ImGui" />
    <ClCompile Include="imgui_tables.cpp" Filter="소스 파일\ImGui" />
    <ClCompile Include="imgui_widgets.cpp" Filter="소스 파일\ImGui" />
    <ClCompile Include="imgui_impl_dx11.cpp" Filter="소스 파일\ImGui" />
    <ClCompile Include="imgui_impl_win32.cpp" Filter="소스 파일\ImGui" />
    <ClCompile Include="GuiController.cpp" Filter="소스 파일" />
    <ClCompile Include="IngameManager.cpp" Filter="소스 파일" />
    <ClCompile Include="MainMenu.cpp" Filter="소스 파일" />
    <ClCompile Include="SetTimeout.cpp" Filter="소스 파일" />
  </ItemGroup>
  <ItemGroup>
    <ResourceCompile Include="FORTRESS.rc" Filter="리소스 파일" />
  </ItemGroup>
  <ItemGroup>
    <Image Include="small.ico" Filter="리소스 파일" />
    <Image Include="FORTRESS.ico" Filter="리소스 파일" />
  </ItemGroup>
  <ItemGroup>
    <FxCompile Include="Shader.hlsl" Filter="Shader" />
  </ItemGroup>
  <ItemGroup>
    <None Include="ClassDiagram.cd" />
  </ItemGroup>
</Project>